PODS:
  - Alamofire (5.0.0-beta.4)
  - RxAtomic (4.4.2)
  - RxSwift (4.4.2):
    - RxAtomic (>= 4.4.2, ~> 4.4)

DEPENDENCIES:
  - Alamofire (~> 5.0.0-beta.3)
  - RxSwift (~> 4.0)

SPEC REPOS:
  https://github.com/cocoapods/specs.git:
    - Alamofire
    - RxAtomic
    - RxSwift

SPEC CHECKSUMS:
  Alamofire: 6458d95477bc40adf10129f22c67cfb014162dc8
  RxAtomic: d00e97c10db88c6f08540e0bf2752fc5a2404167
  RxSwift: 74c29b693c8e42b0f64400e8b06564575742d649

PODFILE CHECKSUM: 9f3d8398786423ccd183c06834c5f845e1fcd6ef

COCOAPODS: 1.7.0.beta.3
